
Microsoft Visual Studio Solution File, Format Version 11.00
# Visual Studio 2010
Project("{FAE04EC0-301F-11D3-BF4B-00C04F79EFBC}") = "SpawnPointTool", "Assembly-CSharp.csproj", "{F6B067D5-FC0B-9806-2318-15A7D9CEC1D8}"
EndProject
Project("{FAE04EC0-301F-11D3-BF4B-00C04F79EFBC}") = "SpawnPointTool", "Assembly-CSharp-Editor.csproj", "{CCDF3644-35C9-72F0-72D3-BAA240294444}"
EndProject
Global
	GlobalSection(SolutionConfigurationPlatforms) = preSolution
		Debug|Any CPU = Debug|Any CPU
		Release|Any CPU = Release|Any CPU
	EndGlobalSection
	GlobalSection(ProjectConfigurationPlatforms) = postSolution
		{F6B067D5-FC0B-9806-2318-15A7D9CEC1D8}.Debug|Any CPU.ActiveCfg = Debug|Any CPU
		{F6B067D5-FC0B-9806-2318-15A7D9CEC1D8}.Debug|Any CPU.Build.0 = Debug|Any CPU
		{F6B067D5-FC0B-9806-2318-15A7D9CEC1D8}.Release|Any CPU.ActiveCfg = Release|Any CPU
		{F6B067D5-FC0B-9806-2318-15A7D9CEC1D8}.Release|Any CPU.Build.0 = Release|Any CPU
		{CCDF3644-35C9-72F0-72D3-BAA240294444}.Debug|Any CPU.ActiveCfg = Debug|Any CPU
		{CCDF3644-35C9-72F0-72D3-BAA240294444}.Debug|Any CPU.Build.0 = Debug|Any CPU
		{CCDF3644-35C9-72F0-72D3-BAA240294444}.Release|Any CPU.ActiveCfg = Release|Any CPU
		{CCDF3644-35C9-72F0-72D3-BAA240294444}.Release|Any CPU.Build.0 = Release|Any CPU
	EndGlobalSection
	GlobalSection(SolutionProperties) = preSolution
		HideSolutionNode = FALSE
	EndGlobalSection
	GlobalSection(MonoDevelopProperties) = preSolution
		StartupItem = Assembly-CSharp.csproj
	EndGlobalSection
EndGlobal
